
Microsoft Visual Studio Solution File, Format Version 12.00
# Visual Studio Version 17
VisualStudioVersion = 17.5.33424.131
MinimumVisualStudioVersion = 10.0.40219.1
Project("{FAE04EC0-301F-11D3-BF4B-00C04F79EFBC}") = "LogicalProgram", "LogicalProgram.csproj", "{96286A0E-CDB8-4A71-B74B-CF5A05A67009}"
EndProject
Global
	GlobalSection(SolutionConfigurationPlatforms) = preSolution
		Debug|Any CPU = Debug|Any CPU
		Release|Any CPU = Release|Any CPU
	EndGlobalSection
	GlobalSection(ProjectConfigurationPlatforms) = postSolution
		{96286A0E-CDB8-4A71-B74B-CF5A05A67009}.Debug|Any CPU.ActiveCfg = Debug|Any CPU
		{96286A0E-CDB8-4A71-B74B-CF5A05A67009}.Debug|Any CPU.Build.0 = Debug|Any CPU
		{96286A0E-CDB8-4A71-B74B-CF5A05A67009}.Release|Any CPU.ActiveCfg = Release|Any CPU
		{96286A0E-CDB8-4A71-B74B-CF5A05A67009}.Release|Any CPU.Build.0 = Release|Any CPU
	EndGlobalSection
	GlobalSection(SolutionProperties) = preSolution
		HideSolutionNode = FALSE
	EndGlobalSection
	GlobalSection(ExtensibilityGlobals) = postSolution
		SolutionGuid = {D70FC523-3333-43ED-9671-0276000349F4}
	EndGlobalSection
EndGlobal
